<?xml version="1.0" encoding="utf-8"?>
<Project ToolsVersion="4.0" xmlns="http://schemas.microsoft.com/developer/msbuild/2003">
  <ItemGroup>
    <Filter Include="Source Files">
      <UniqueIdentifier>{4FC737F1-C7A5-4376-A066-2A32D752A2FF}</UniqueIdentifier>
      <Extensions>cpp;c;cc;cxx;c++;cppm;ixx;def;odl;idl;hpj;bat;asm;asmx</Extensions>
    </Filter>
    <Filter Include="Header Files">
      <UniqueIdentifier>{93995380-89BD-4b04-88EB-625FBE52EBFB}</UniqueIdentifier>
      <Extensions>h;hh;hpp;hxx;h++;hm;inl;inc;ipp;xsd</Extensions>
    </Filter>
    <Filter Include="Resource Files">
      <UniqueIdentifier>{67DA6AB6-F800-4c08-8B7A-83BB121AAD01}</UniqueIdentifier>
      <Extensions>rc;ico;cur;bmp;dlg;rc2;rct;bin;rgs;gif;jpg;jpeg;jpe;resx;tiff;tif;png;wav;mfcribbon-ms</Extensions>
    </Filter>
  </ItemGroup>
  <ItemGroup>
    <ClCompile Include="..\..\MATLAB\MATLABelements\blkdiag.c">
      <Filter>Source Files</Filter>
    </ClCompile>
    <ClCompile Include="..\..\MATLAB\MATLABelements\CableBCTransinCoord.c">
      <Filter>Source Files</Filter>
    </ClCompile>
    <ClCompile Include="..\..\MATLAB\MATLABelements\CableForce.c">
      <Filter>Source Files</Filter>
    </ClCompile>
    <ClCompile Include="..\..\MATLAB\MATLABelements\CableForceInputDerivative.c">
      <Filter>Source Files</Filter>
    </ClCompile>
    <ClCompile Include="..\..\MATLAB\MATLABelements\CableForceRotBCinCoord.c">
      <Filter>Source Files</Filter>
    </ClCompile>
    <ClCompile Include="..\..\MATLAB\MATLABelements\CableForceRotBCinCoord_data.c">
      <Filter>Source Files</Filter>
    </ClCompile>
    <ClCompile Include="..\..\MATLAB\MATLABelements\CableForceRotBCinCoord_emxAPI.c">
      <Filter>Source Files</Filter>
    </ClCompile>
    <ClCompile Include="..\..\MATLAB\MATLABelements\CableForceRotBCinCoord_emxutil.c">
      <Filter>Source Files</Filter>
    </ClCompile>
    <ClCompile Include="..\..\MATLAB\MATLABelements\CableForceRotBCinCoord_initialize.c">
      <Filter>Source Files</Filter>
    </ClCompile>
    <ClCompile Include="..\..\MATLAB\MATLABelements\CableForceRotBCinCoord_terminate.c">
      <Filter>Source Files</Filter>
    </ClCompile>
    <ClCompile Include="..\..\MATLAB\MATLABelements\CableInertiaForce.c">
      <Filter>Source Files</Filter>
    </ClCompile>
    <ClCompile Include="..\..\MATLAB\MATLABelements\CableMbar.c">
      <Filter>Source Files</Filter>
    </ClCompile>
    <ClCompile Include="..\..\MATLAB\MATLABelements\diag.c">
      <Filter>Source Files</Filter>
    </ClCompile>
    <ClCompile Include="..\..\MATLAB\MATLABelements\eml_rand_mt19937ar_stateful.c">
      <Filter>Source Files</Filter>
    </ClCompile>
    <ClCompile Include="..\..\MATLAB\MATLABelements\getBishopFrame.c">
      <Filter>Source Files</Filter>
    </ClCompile>
    <ClCompile Include="..\..\MATLAB\MATLABelements\mldivide.c">
      <Filter>Source Files</Filter>
    </ClCompile>
    <ClCompile Include="..\..\MATLAB\MATLABelements\mrdivide_helper.c">
      <Filter>Source Files</Filter>
    </ClCompile>
    <ClCompile Include="..\..\MATLAB\MATLABelements\mtimes.c">
      <Filter>Source Files</Filter>
    </ClCompile>
    <ClCompile Include="..\..\MATLAB\MATLABelements\norm.c">
      <Filter>Source Files</Filter>
    </ClCompile>
    <ClCompile Include="..\..\MATLAB\MATLABelements\qrsolve.c">
      <Filter>Source Files</Filter>
    </ClCompile>
    <ClCompile Include="..\..\MATLAB\MATLABelements\RigidBodyForce.c">
      <Filter>Source Files</Filter>
    </ClCompile>
    <ClCompile Include="..\..\MATLAB\MATLABelements\rothelper.c">
      <Filter>Source Files</Filter>
    </ClCompile>
    <ClCompile Include="..\..\MATLAB\MATLABelements\SplineApproximation.c">
      <Filter>Source Files</Filter>
    </ClCompile>
    <ClCompile Include="..\..\MATLAB\MATLABelements\xgeqp3.c">
      <Filter>Source Files</Filter>
    </ClCompile>
    <ClCompile Include="..\..\MATLAB\MATLABelements\xgetrf.c">
      <Filter>Source Files</Filter>
    </ClCompile>
    <ClCompile Include="..\..\MATLAB\MATLABelements\xnrm2.c">
      <Filter>Source Files</Filter>
    </ClCompile>
    <ClCompile Include="..\..\MATLAB\MATLABelements\spcolC\spcolC.c">
      <Filter>Source Files</Filter>
    </ClCompile>
    <ClCompile Include="..\..\MATLAB\MATLABelements\getCableDeformedShape.c">
      <Filter>Source Files</Filter>
    </ClCompile>
  </ItemGroup>
  <ItemGroup>
    <ClInclude Include="..\..\MATLAB\MATLABelements\blkdiag.h">
      <Filter>Header Files</Filter>
    </ClInclude>
    <ClInclude Include="..\..\MATLAB\MATLABelements\CableBCTransinCoord.h">
      <Filter>Header Files</Filter>
    </ClInclude>
    <ClInclude Include="..\..\MATLAB\MATLABelements\CableForce.h">
      <Filter>Header Files</Filter>
    </ClInclude>
    <ClInclude Include="..\..\MATLAB\MATLABelements\CableForceInputDerivative.h">
      <Filter>Header Files</Filter>
    </ClInclude>
    <ClInclude Include="..\..\MATLAB\MATLABelements\CableForceRotBCinCoord.h">
      <Filter>Header Files</Filter>
    </ClInclude>
    <ClInclude Include="..\..\MATLAB\MATLABelements\CableForceRotBCinCoord_data.h">
      <Filter>Header Files</Filter>
    </ClInclude>
    <ClInclude Include="..\..\MATLAB\MATLABelements\CableForceRotBCinCoord_emxAPI.h">
      <Filter>Header Files</Filter>
    </ClInclude>
    <ClInclude Include="..\..\MATLAB\MATLABelements\CableForceRotBCinCoord_emxutil.h">
      <Filter>Header Files</Filter>
    </ClInclude>
    <ClInclude Include="..\..\MATLAB\MATLABelements\CableForceRotBCinCoord_initialize.h">
      <Filter>Header Files</Filter>
    </ClInclude>
    <ClInclude Include="..\..\MATLAB\MATLABelements\CableForceRotBCinCoord_internal_types.h">
      <Filter>Header Files</Filter>
    </ClInclude>
    <ClInclude Include="..\..\MATLAB\MATLABelements\CableForceRotBCinCoord_terminate.h">
      <Filter>Header Files</Filter>
    </ClInclude>
    <ClInclude Include="..\..\MATLAB\MATLABelements\CableForceRotBCinCoord_types.h">
      <Filter>Header Files</Filter>
    </ClInclude>
    <ClInclude Include="..\..\MATLAB\MATLABelements\CableInertiaForce.h">
      <Filter>Header Files</Filter>
    </ClInclude>
    <ClInclude Include="..\..\MATLAB\MATLABelements\CableMbar.h">
      <Filter>Header Files</Filter>
    </ClInclude>
    <ClInclude Include="..\..\MATLAB\MATLABelements\diag.h">
      <Filter>Header Files</Filter>
    </ClInclude>
    <ClInclude Include="..\..\MATLAB\MATLABelements\eml_rand_mt19937ar_stateful.h">
      <Filter>Header Files</Filter>
    </ClInclude>
    <ClInclude Include="..\..\MATLAB\MATLABelements\getBishopFrame.h">
      <Filter>Header Files</Filter>
    </ClInclude>
    <ClInclude Include="..\..\MATLAB\MATLABelements\mldivide.h">
      <Filter>Header Files</Filter>
    </ClInclude>
    <ClInclude Include="..\..\MATLAB\MATLABelements\mrdivide_helper.h">
      <Filter>Header Files</Filter>
    </ClInclude>
    <ClInclude Include="..\..\MATLAB\MATLABelements\mtimes.h">
      <Filter>Header Files</Filter>
    </ClInclude>
    <ClInclude Include="..\..\MATLAB\MATLABelements\norm.h">
      <Filter>Header Files</Filter>
    </ClInclude>
    <ClInclude Include="..\..\MATLAB\MATLABelements\qrsolve.h">
      <Filter>Header Files</Filter>
    </ClInclude>
    <ClInclude Include="..\..\MATLAB\MATLABelements\RigidBodyForce.h">
      <Filter>Header Files</Filter>
    </ClInclude>
    <ClInclude Include="..\..\MATLAB\MATLABelements\rothelper.h">
      <Filter>Header Files</Filter>
    </ClInclude>
    <ClInclude Include="..\..\MATLAB\MATLABelements\rtwtypes.h">
      <Filter>Header Files</Filter>
    </ClInclude>
    <ClInclude Include="..\..\MATLAB\MATLABelements\SplineApproximation.h">
      <Filter>Header Files</Filter>
    </ClInclude>
    <ClInclude Include="..\..\MATLAB\MATLABelements\tmwtypes.h">
      <Filter>Header Files</Filter>
    </ClInclude>
    <ClInclude Include="..\..\MATLAB\MATLABelements\xgeqp3.h">
      <Filter>Header Files</Filter>
    </ClInclude>
    <ClInclude Include="..\..\MATLAB\MATLABelements\xgetrf.h">
      <Filter>Header Files</Filter>
    </ClInclude>
    <ClInclude Include="..\..\MATLAB\MATLABelements\xnrm2.h">
      <Filter>Header Files</Filter>
    </ClInclude>
    <ClInclude Include="..\..\MATLAB\MATLABelements\spcolC.h">
      <Filter>Header Files</Filter>
    </ClInclude>
    <ClInclude Include="..\..\MATLAB\MATLABelements\getCableDeformedShape.h">
      <Filter>Header Files</Filter>
    </ClInclude>
  </ItemGroup>
</Project>